
Microsoft Visual Studio Solution File, Format Version 12.00
Project("{2150E333-8FDC-42A3-9474-1A3956D46DE8}") = "src", "src", "{93BCAC33-2FB9-4EF1-A9FB-FBC2FAE70E15}"
EndProject
Project("{FAE04EC0-301F-11D3-BF4B-00C04F79EFBC}") = "Core", "Core\Core.csproj", "{FDC68DDA-4D99-40FE-B3A5-E60D7FAFB400}"
EndProject
Project("{FAE04EC0-301F-11D3-BF4B-00C04F79EFBC}") = "Application", "Application\Application.csproj", "{8A662DC0-2737-4DF5-89AF-1DD41B7B57C2}"
EndProject
Project("{FAE04EC0-301F-11D3-BF4B-00C04F79EFBC}") = "Infrastructure", "Infrastructure\Infrastructure.csproj", "{C6C55626-C24D-4BF7-8C08-BA54A02B5855}"
EndProject
Project("{FAE04EC0-301F-11D3-BF4B-00C04F79EFBC}") = "Presentetion", "Presentetion\Presentetion.csproj", "{421B0659-C7EC-49A9-A87D-BE6FE8A166D0}"
EndProject
Project("{FAE04EC0-301F-11D3-BF4B-00C04F79EFBC}") = "WebApi", "WebApi\WebApi.csproj", "{D0F156C3-7B1C-4117-A956-2A3503F1AB0B}"
EndProject
Global
	GlobalSection(SolutionConfigurationPlatforms) = preSolution
		Debug|Any CPU = Debug|Any CPU
		Release|Any CPU = Release|Any CPU
	EndGlobalSection
	GlobalSection(NestedProjects) = preSolution
		{FDC68DDA-4D99-40FE-B3A5-E60D7FAFB400} = {93BCAC33-2FB9-4EF1-A9FB-FBC2FAE70E15}
		{8A662DC0-2737-4DF5-89AF-1DD41B7B57C2} = {93BCAC33-2FB9-4EF1-A9FB-FBC2FAE70E15}
		{C6C55626-C24D-4BF7-8C08-BA54A02B5855} = {93BCAC33-2FB9-4EF1-A9FB-FBC2FAE70E15}
		{421B0659-C7EC-49A9-A87D-BE6FE8A166D0} = {93BCAC33-2FB9-4EF1-A9FB-FBC2FAE70E15}
		{D0F156C3-7B1C-4117-A956-2A3503F1AB0B} = {93BCAC33-2FB9-4EF1-A9FB-FBC2FAE70E15}
	EndGlobalSection
	GlobalSection(ProjectConfigurationPlatforms) = postSolution
		{FDC68DDA-4D99-40FE-B3A5-E60D7FAFB400}.Debug|Any CPU.ActiveCfg = Debug|Any CPU
		{FDC68DDA-4D99-40FE-B3A5-E60D7FAFB400}.Debug|Any CPU.Build.0 = Debug|Any CPU
		{FDC68DDA-4D99-40FE-B3A5-E60D7FAFB400}.Release|Any CPU.ActiveCfg = Release|Any CPU
		{FDC68DDA-4D99-40FE-B3A5-E60D7FAFB400}.Release|Any CPU.Build.0 = Release|Any CPU
		{8A662DC0-2737-4DF5-89AF-1DD41B7B57C2}.Debug|Any CPU.ActiveCfg = Debug|Any CPU
		{8A662DC0-2737-4DF5-89AF-1DD41B7B57C2}.Debug|Any CPU.Build.0 = Debug|Any CPU
		{8A662DC0-2737-4DF5-89AF-1DD41B7B57C2}.Release|Any CPU.ActiveCfg = Release|Any CPU
		{8A662DC0-2737-4DF5-89AF-1DD41B7B57C2}.Release|Any CPU.Build.0 = Release|Any CPU
		{C6C55626-C24D-4BF7-8C08-BA54A02B5855}.Debug|Any CPU.ActiveCfg = Debug|Any CPU
		{C6C55626-C24D-4BF7-8C08-BA54A02B5855}.Debug|Any CPU.Build.0 = Debug|Any CPU
		{C6C55626-C24D-4BF7-8C08-BA54A02B5855}.Release|Any CPU.ActiveCfg = Release|Any CPU
		{C6C55626-C24D-4BF7-8C08-BA54A02B5855}.Release|Any CPU.Build.0 = Release|Any CPU
		{421B0659-C7EC-49A9-A87D-BE6FE8A166D0}.Debug|Any CPU.ActiveCfg = Debug|Any CPU
		{421B0659-C7EC-49A9-A87D-BE6FE8A166D0}.Debug|Any CPU.Build.0 = Debug|Any CPU
		{421B0659-C7EC-49A9-A87D-BE6FE8A166D0}.Release|Any CPU.ActiveCfg = Release|Any CPU
		{421B0659-C7EC-49A9-A87D-BE6FE8A166D0}.Release|Any CPU.Build.0 = Release|Any CPU
		{D0F156C3-7B1C-4117-A956-2A3503F1AB0B}.Debug|Any CPU.ActiveCfg = Debug|Any CPU
		{D0F156C3-7B1C-4117-A956-2A3503F1AB0B}.Debug|Any CPU.Build.0 = Debug|Any CPU
		{D0F156C3-7B1C-4117-A956-2A3503F1AB0B}.Release|Any CPU.ActiveCfg = Release|Any CPU
		{D0F156C3-7B1C-4117-A956-2A3503F1AB0B}.Release|Any CPU.Build.0 = Release|Any CPU
	EndGlobalSection
EndGlobal
